
Microsoft Visual Studio Solution File, Format Version 12.00
# Visual Studio 2013
VisualStudioVersion = 12.0.40629.0
MinimumVisualStudioVersion = 10.0.40219.1
Project("{FAE04EC0-301F-11D3-BF4B-00C04F79EFBC}") = "Nov2ndEAPWCF", "Nov2ndEAPWCF\Nov2ndEAPWCF.csproj", "{9A6F0BF1-8614-4D1F-88BC-4B4FFF0D6D26}"
EndProject
Project("{FAE04EC0-301F-11D3-BF4B-00C04F79EFBC}") = "MVCConsumeWCF", "MVCConsumeWCF\MVCConsumeWCF.csproj", "{4311B1AB-D068-4640-A836-2C9E6431C92C}"
	ProjectSection(ProjectDependencies) = postProject
		{9A6F0BF1-8614-4D1F-88BC-4B4FFF0D6D26} = {9A6F0BF1-8614-4D1F-88BC-4B4FFF0D6D26}
	EndProjectSection
EndProject
Global
	GlobalSection(SolutionConfigurationPlatforms) = preSolution
		Debug|Any CPU = Debug|Any CPU
		Release|Any CPU = Release|Any CPU
	EndGlobalSection
	GlobalSection(ProjectConfigurationPlatforms) = postSolution
		{9A6F0BF1-8614-4D1F-88BC-4B4FFF0D6D26}.Debug|Any CPU.ActiveCfg = Debug|Any CPU
		{9A6F0BF1-8614-4D1F-88BC-4B4FFF0D6D26}.Debug|Any CPU.Build.0 = Debug|Any CPU
		{9A6F0BF1-8614-4D1F-88BC-4B4FFF0D6D26}.Release|Any CPU.ActiveCfg = Release|Any CPU
		{9A6F0BF1-8614-4D1F-88BC-4B4FFF0D6D26}.Release|Any CPU.Build.0 = Release|Any CPU
		{4311B1AB-D068-4640-A836-2C9E6431C92C}.Debug|Any CPU.ActiveCfg = Debug|Any CPU
		{4311B1AB-D068-4640-A836-2C9E6431C92C}.Debug|Any CPU.Build.0 = Debug|Any CPU
		{4311B1AB-D068-4640-A836-2C9E6431C92C}.Release|Any CPU.ActiveCfg = Release|Any CPU
		{4311B1AB-D068-4640-A836-2C9E6431C92C}.Release|Any CPU.Build.0 = Release|Any CPU
	EndGlobalSection
	GlobalSection(SolutionProperties) = preSolution
		HideSolutionNode = FALSE
	EndGlobalSection
EndGlobal
