
Microsoft Visual Studio Solution File, Format Version 12.00
# Visual Studio 2013
VisualStudioVersion = 12.0.40629.0
MinimumVisualStudioVersion = 10.0.40219.1
Project("{FAE04EC0-301F-11D3-BF4B-00C04F79EFBC}") = "Dec07thAWSAD2", "Dec07thAWSAD2\Dec07thAWSAD2.csproj", "{2D03BAA1-7C35-483B-9336-36D8CCE82EF0}"
EndProject
Project("{FAE04EC0-301F-11D3-BF4B-00C04F79EFBC}") = "Baitap02", "Baitap02\Baitap02.csproj", "{A75E6FB1-0869-470E-8D60-9F392B60414E}"
EndProject
Project("{FAE04EC0-301F-11D3-BF4B-00C04F79EFBC}") = "BackgroundTasks", "BackgroundTasks\BackgroundTasks.csproj", "{DD83B025-D1D3-4227-9360-E5DC8BD1C9FF}"
EndProject
Global
	GlobalSection(SolutionConfigurationPlatforms) = preSolution
		Debug|Any CPU = Debug|Any CPU
		Debug|ARM = Debug|ARM
		Debug|x64 = Debug|x64
		Debug|x86 = Debug|x86
		Release|Any CPU = Release|Any CPU
		Release|ARM = Release|ARM
		Release|x64 = Release|x64
		Release|x86 = Release|x86
	EndGlobalSection
	GlobalSection(ProjectConfigurationPlatforms) = postSolution
		{2D03BAA1-7C35-483B-9336-36D8CCE82EF0}.Debug|Any CPU.ActiveCfg = Debug|Any CPU
		{2D03BAA1-7C35-483B-9336-36D8CCE82EF0}.Debug|Any CPU.Build.0 = Debug|Any CPU
		{2D03BAA1-7C35-483B-9336-36D8CCE82EF0}.Debug|Any CPU.Deploy.0 = Debug|Any CPU
		{2D03BAA1-7C35-483B-9336-36D8CCE82EF0}.Debug|ARM.ActiveCfg = Debug|ARM
		{2D03BAA1-7C35-483B-9336-36D8CCE82EF0}.Debug|ARM.Build.0 = Debug|ARM
		{2D03BAA1-7C35-483B-9336-36D8CCE82EF0}.Debug|ARM.Deploy.0 = Debug|ARM
		{2D03BAA1-7C35-483B-9336-36D8CCE82EF0}.Debug|x64.ActiveCfg = Debug|x64
		{2D03BAA1-7C35-483B-9336-36D8CCE82EF0}.Debug|x64.Build.0 = Debug|x64
		{2D03BAA1-7C35-483B-9336-36D8CCE82EF0}.Debug|x64.Deploy.0 = Debug|x64
		{2D03BAA1-7C35-483B-9336-36D8CCE82EF0}.Debug|x86.ActiveCfg = Debug|x86
		{2D03BAA1-7C35-483B-9336-36D8CCE82EF0}.Debug|x86.Build.0 = Debug|x86
		{2D03BAA1-7C35-483B-9336-36D8CCE82EF0}.Debug|x86.Deploy.0 = Debug|x86
		{2D03BAA1-7C35-483B-9336-36D8CCE82EF0}.Release|Any CPU.ActiveCfg = Release|Any CPU
		{2D03BAA1-7C35-483B-9336-36D8CCE82EF0}.Release|Any CPU.Build.0 = Release|Any CPU
		{2D03BAA1-7C35-483B-9336-36D8CCE82EF0}.Release|Any CPU.Deploy.0 = Release|Any CPU
		{2D03BAA1-7C35-483B-9336-36D8CCE82EF0}.Release|ARM.ActiveCfg = Release|ARM
		{2D03BAA1-7C35-483B-9336-36D8CCE82EF0}.Release|ARM.Build.0 = Release|ARM
		{2D03BAA1-7C35-483B-9336-36D8CCE82EF0}.Release|ARM.Deploy.0 = Release|ARM
		{2D03BAA1-7C35-483B-9336-36D8CCE82EF0}.Release|x64.ActiveCfg = Release|x64
		{2D03BAA1-7C35-483B-9336-36D8CCE82EF0}.Release|x64.Build.0 = Release|x64
		{2D03BAA1-7C35-483B-9336-36D8CCE82EF0}.Release|x64.Deploy.0 = Release|x64
		{2D03BAA1-7C35-483B-9336-36D8CCE82EF0}.Release|x86.ActiveCfg = Release|x86
		{2D03BAA1-7C35-483B-9336-36D8CCE82EF0}.Release|x86.Build.0 = Release|x86
		{2D03BAA1-7C35-483B-9336-36D8CCE82EF0}.Release|x86.Deploy.0 = Release|x86
		{A75E6FB1-0869-470E-8D60-9F392B60414E}.Debug|Any CPU.ActiveCfg = Debug|Any CPU
		{A75E6FB1-0869-470E-8D60-9F392B60414E}.Debug|Any CPU.Build.0 = Debug|Any CPU
		{A75E6FB1-0869-470E-8D60-9F392B60414E}.Debug|Any CPU.Deploy.0 = Debug|Any CPU
		{A75E6FB1-0869-470E-8D60-9F392B60414E}.Debug|ARM.ActiveCfg = Debug|ARM
		{A75E6FB1-0869-470E-8D60-9F392B60414E}.Debug|ARM.Build.0 = Debug|ARM
		{A75E6FB1-0869-470E-8D60-9F392B60414E}.Debug|ARM.Deploy.0 = Debug|ARM
		{A75E6FB1-0869-470E-8D60-9F392B60414E}.Debug|x64.ActiveCfg = Debug|x64
		{A75E6FB1-0869-470E-8D60-9F392B60414E}.Debug|x64.Build.0 = Debug|x64
		{A75E6FB1-0869-470E-8D60-9F392B60414E}.Debug|x64.Deploy.0 = Debug|x64
		{A75E6FB1-0869-470E-8D60-9F392B60414E}.Debug|x86.ActiveCfg = Debug|x86
		{A75E6FB1-0869-470E-8D60-9F392B60414E}.Debug|x86.Build.0 = Debug|x86
		{A75E6FB1-0869-470E-8D60-9F392B60414E}.Debug|x86.Deploy.0 = Debug|x86
		{A75E6FB1-0869-470E-8D60-9F392B60414E}.Release|Any CPU.ActiveCfg = Release|Any CPU
		{A75E6FB1-0869-470E-8D60-9F392B60414E}.Release|Any CPU.Build.0 = Release|Any CPU
		{A75E6FB1-0869-470E-8D60-9F392B60414E}.Release|Any CPU.Deploy.0 = Release|Any CPU
		{A75E6FB1-0869-470E-8D60-9F392B60414E}.Release|ARM.ActiveCfg = Release|ARM
		{A75E6FB1-0869-470E-8D60-9F392B60414E}.Release|ARM.Build.0 = Release|ARM
		{A75E6FB1-0869-470E-8D60-9F392B60414E}.Release|ARM.Deploy.0 = Release|ARM
		{A75E6FB1-0869-470E-8D60-9F392B60414E}.Release|x64.ActiveCfg = Release|x64
		{A75E6FB1-0869-470E-8D60-9F392B60414E}.Release|x64.Build.0 = Release|x64
		{A75E6FB1-0869-470E-8D60-9F392B60414E}.Release|x64.Deploy.0 = Release|x64
		{A75E6FB1-0869-470E-8D60-9F392B60414E}.Release|x86.ActiveCfg = Release|x86
		{A75E6FB1-0869-470E-8D60-9F392B60414E}.Release|x86.Build.0 = Release|x86
		{A75E6FB1-0869-470E-8D60-9F392B60414E}.Release|x86.Deploy.0 = Release|x86
		{DD83B025-D1D3-4227-9360-E5DC8BD1C9FF}.Debug|Any CPU.ActiveCfg = Debug|Any CPU
		{DD83B025-D1D3-4227-9360-E5DC8BD1C9FF}.Debug|Any CPU.Build.0 = Debug|Any CPU
		{DD83B025-D1D3-4227-9360-E5DC8BD1C9FF}.Debug|ARM.ActiveCfg = Debug|ARM
		{DD83B025-D1D3-4227-9360-E5DC8BD1C9FF}.Debug|ARM.Build.0 = Debug|ARM
		{DD83B025-D1D3-4227-9360-E5DC8BD1C9FF}.Debug|x64.ActiveCfg = Debug|x64
		{DD83B025-D1D3-4227-9360-E5DC8BD1C9FF}.Debug|x64.Build.0 = Debug|x64
		{DD83B025-D1D3-4227-9360-E5DC8BD1C9FF}.Debug|x86.ActiveCfg = Debug|x86
		{DD83B025-D1D3-4227-9360-E5DC8BD1C9FF}.Debug|x86.Build.0 = Debug|x86
		{DD83B025-D1D3-4227-9360-E5DC8BD1C9FF}.Release|Any CPU.ActiveCfg = Release|Any CPU
		{DD83B025-D1D3-4227-9360-E5DC8BD1C9FF}.Release|Any CPU.Build.0 = Release|Any CPU
		{DD83B025-D1D3-4227-9360-E5DC8BD1C9FF}.Release|ARM.ActiveCfg = Release|ARM
		{DD83B025-D1D3-4227-9360-E5DC8BD1C9FF}.Release|ARM.Build.0 = Release|ARM
		{DD83B025-D1D3-4227-9360-E5DC8BD1C9FF}.Release|x64.ActiveCfg = Release|x64
		{DD83B025-D1D3-4227-9360-E5DC8BD1C9FF}.Release|x64.Build.0 = Release|x64
		{DD83B025-D1D3-4227-9360-E5DC8BD1C9FF}.Release|x86.ActiveCfg = Release|x86
		{DD83B025-D1D3-4227-9360-E5DC8BD1C9FF}.Release|x86.Build.0 = Release|x86
	EndGlobalSection
	GlobalSection(SolutionProperties) = preSolution
		HideSolutionNode = FALSE
	EndGlobalSection
EndGlobal
